
Microsoft Visual Studio Solution File, Format Version 12.00
# Visual Studio Version 17
VisualStudioVersion = 17.8.34322.80
MinimumVisualStudioVersion = 10.0.40219.1
Project("{9A19103F-16F7-4668-BE54-9A1E7A4F7556}") = "FishMarket.Api", "FishMarket.API\FishMarket.Api.csproj", "{47FDD210-17AA-4A0F-B0A9-DE24D3A52632}"
EndProject
Project("{9A19103F-16F7-4668-BE54-9A1E7A4F7556}") = "FishMarket.Test", "FishMarket.Test\FishMarket.Test.csproj", "{85DB422E-90B7-4F9B-ABE2-E767AC04466A}"
EndProject
Project("{2150E333-8FDC-42A3-9474-1A3956D46DE8}") = "Solution Items", "Solution Items", "{0E5F7B41-4225-43CC-97CE-A251AF3D40D9}"
	ProjectSection(SolutionItems) = preProject
		.gitignore = .gitignore
	EndProjectSection
EndProject
Global
	GlobalSection(SolutionConfigurationPlatforms) = preSolution
		Debug|Any CPU = Debug|Any CPU
		Release|Any CPU = Release|Any CPU
	EndGlobalSection
	GlobalSection(ProjectConfigurationPlatforms) = postSolution
		{47FDD210-17AA-4A0F-B0A9-DE24D3A52632}.Debug|Any CPU.ActiveCfg = Debug|Any CPU
		{47FDD210-17AA-4A0F-B0A9-DE24D3A52632}.Debug|Any CPU.Build.0 = Debug|Any CPU
		{47FDD210-17AA-4A0F-B0A9-DE24D3A52632}.Release|Any CPU.ActiveCfg = Release|Any CPU
		{47FDD210-17AA-4A0F-B0A9-DE24D3A52632}.Release|Any CPU.Build.0 = Release|Any CPU
		{85DB422E-90B7-4F9B-ABE2-E767AC04466A}.Debug|Any CPU.ActiveCfg = Debug|Any CPU
		{85DB422E-90B7-4F9B-ABE2-E767AC04466A}.Debug|Any CPU.Build.0 = Debug|Any CPU
		{85DB422E-90B7-4F9B-ABE2-E767AC04466A}.Release|Any CPU.ActiveCfg = Release|Any CPU
		{85DB422E-90B7-4F9B-ABE2-E767AC04466A}.Release|Any CPU.Build.0 = Release|Any CPU
	EndGlobalSection
	GlobalSection(SolutionProperties) = preSolution
		HideSolutionNode = FALSE
	EndGlobalSection
	GlobalSection(ExtensibilityGlobals) = postSolution
		SolutionGuid = {6AB7F78A-1E4A-491C-AC4A-2D2B656C42D5}
	EndGlobalSection
EndGlobal
